
Microsoft Visual Studio Solution File, Format Version 12.00
# Visual Studio Version 16
VisualStudioVersion = 16.0.29920.165
MinimumVisualStudioVersion = 10.0.40219.1
Project("{FAE04EC0-301F-11D3-BF4B-00C04F79EFBC}") = "ProjectSLR", "ProjectSLR.csproj", "{CAC1DE8C-D0A0-489A-804F-78629FB1ECA8}"
EndProject
Global
	GlobalSection(SolutionConfigurationPlatforms) = preSolution
		Debug|Any CPU = Debug|Any CPU
		Release|Any CPU = Release|Any CPU
	EndGlobalSection
	GlobalSection(ProjectConfigurationPlatforms) = postSolution
		{CAC1DE8C-D0A0-489A-804F-78629FB1ECA8}.Debug|Any CPU.ActiveCfg = Debug|Any CPU
		{CAC1DE8C-D0A0-489A-804F-78629FB1ECA8}.Debug|Any CPU.Build.0 = Debug|Any CPU
		{CAC1DE8C-D0A0-489A-804F-78629FB1ECA8}.Release|Any CPU.ActiveCfg = Release|Any CPU
		{CAC1DE8C-D0A0-489A-804F-78629FB1ECA8}.Release|Any CPU.Build.0 = Release|Any CPU
	EndGlobalSection
	GlobalSection(SolutionProperties) = preSolution
		HideSolutionNode = FALSE
	EndGlobalSection
	GlobalSection(ExtensibilityGlobals) = postSolution
		SolutionGuid = {22BB62E3-EC1E-487B-BC09-FE98DEEEC18D}
	EndGlobalSection
EndGlobal
